// !$*UTF8*$!
{
	archiveVersion = 1;
	classes = {
	};
	objectVersion = 56;
	objects = {

/* Begin PBXBuildFile section */
		E521B75729E8F4A5007FD06A /* ResultMessageView.swift in Sources */ = {isa = PBXBuildFile; fileRef = E521B75629E8F4A5007FD06A /* ResultMessageView.swift */; };
		E521B75929E8FCF2007FD06A /* StatefulPreview.swift in Sources */ = {isa = PBXBuildFile; fileRef = E521B75829E8FCF2007FD06A /* StatefulPreview.swift */; };
		E521B76129ECF417007FD06A /* FeedsStore.swift in Sources */ = {isa = PBXBuildFile; fileRef = E521B76029ECF417007FD06A /* FeedsStore.swift */; };
		E559589029D4125F008D7307 /* TRssReaderApp.swift in Sources */ = {isa = PBXBuildFile; fileRef = E559588F29D4125F008D7307 /* TRssReaderApp.swift */; };
		E559589429D41260008D7307 /* Assets.xcassets in Resources */ = {isa = PBXBuildFile; fileRef = E559589329D41260008D7307 /* Assets.xcassets */; };
		E559589829D41260008D7307 /* Preview Assets.xcassets in Resources */ = {isa = PBXBuildFile; fileRef = E559589729D41260008D7307 /* Preview Assets.xcassets */; };
		E56DFE1129E7AE70003C687E /* Keychain in Frameworks */ = {isa = PBXBuildFile; productRef = E56DFE1029E7AE70003C687E /* Keychain */; };
		E56DFE1429E7B13B003C687E /* TokenStore.swift in Sources */ = {isa = PBXBuildFile; fileRef = E56DFE1329E7B13B003C687E /* TokenStore.swift */; };
		E56DFE1629E7B466003C687E /* Date.swift in Sources */ = {isa = PBXBuildFile; fileRef = E56DFE1529E7B466003C687E /* Date.swift */; };
		E56DFE1829E7BCCB003C687E /* DetailsView.swift in Sources */ = {isa = PBXBuildFile; fileRef = E56DFE1729E7BCCB003C687E /* DetailsView.swift */; };
		E56DFE1B29E7BF41003C687E /* ListView.swift in Sources */ = {isa = PBXBuildFile; fileRef = E56DFE1A29E7BF41003C687E /* ListView.swift */; };
		E56DFE1D29E7C025003C687E /* ListDetailsView.swift in Sources */ = {isa = PBXBuildFile; fileRef = E56DFE1C29E7C025003C687E /* ListDetailsView.swift */; };
		E56DFE1F29E7DE64003C687E /* LoginView.swift in Sources */ = {isa = PBXBuildFile; fileRef = E56DFE1E29E7DE64003C687E /* LoginView.swift */; };
		E582ACF229DA80980083CCFF /* Feed.swift in Sources */ = {isa = PBXBuildFile; fileRef = E582ACF129DA80980083CCFF /* Feed.swift */; };
		E582ACF429DA81200083CCFF /* Token.swift in Sources */ = {isa = PBXBuildFile; fileRef = E582ACF329DA81200083CCFF /* Token.swift */; };
		E582ACF629DA836A0083CCFF /* FeedsService.swift in Sources */ = {isa = PBXBuildFile; fileRef = E582ACF529DA836A0083CCFF /* FeedsService.swift */; };
		E582ACFB29DA8F620083CCFF /* Env.swift in Sources */ = {isa = PBXBuildFile; fileRef = E582ACFA29DA8F620083CCFF /* Env.swift */; };
		E582AD0429DAA0D70083CCFF /* AuthorizedService.swift in Sources */ = {isa = PBXBuildFile; fileRef = E582AD0329DAA0D70083CCFF /* AuthorizedService.swift */; };
		E582AD0629DAA3D70083CCFF /* Constants.swift in Sources */ = {isa = PBXBuildFile; fileRef = E582AD0529DAA3D70083CCFF /* Constants.swift */; };
		E582AD0929DAE3250083CCFF /* AuthorizedServiceTests.swift in Sources */ = {isa = PBXBuildFile; fileRef = E582AD0829DAE3250083CCFF /* AuthorizedServiceTests.swift */; };
		E58F07602D0049EE001FF9CE /* PreviewError.swift in Sources */ = {isa = PBXBuildFile; fileRef = E58F075F2D0049EE001FF9CE /* PreviewError.swift */; };
		E58F07622D004DD0001FF9CE /* LoginViewModel.swift in Sources */ = {isa = PBXBuildFile; fileRef = E58F07612D004DCC001FF9CE /* LoginViewModel.swift */; };
		E59A4A6629DBC0DD0033B09B /* KeychainKey.swift in Sources */ = {isa = PBXBuildFile; fileRef = E59A4A6529DBC0DD0033B09B /* KeychainKey.swift */; };
		E59A4A6829DE6F680033B09B /* LoginService.swift in Sources */ = {isa = PBXBuildFile; fileRef = E59A4A6729DE6F680033B09B /* LoginService.swift */; };
		E59A4A6B29DFB19A0033B09B /* URLResponse.swift in Sources */ = {isa = PBXBuildFile; fileRef = E59A4A6A29DFB19A0033B09B /* URLResponse.swift */; };
		E59A4A6D29DFB4440033B09B /* EntriesService.swift in Sources */ = {isa = PBXBuildFile; fileRef = E59A4A6C29DFB4440033B09B /* EntriesService.swift */; };
		E59A4A6F29DFBC8A0033B09B /* ServiceError.swift in Sources */ = {isa = PBXBuildFile; fileRef = E59A4A6E29DFBC8A0033B09B /* ServiceError.swift */; };
		E59A4A7129DFBF2B0033B09B /* LastAccessService.swift in Sources */ = {isa = PBXBuildFile; fileRef = E59A4A7029DFBF2B0033B09B /* LastAccessService.swift */; };
		E59A4A7329DFC5FF0033B09B /* XCTestCase+XCTAssertErrorType.swift in Sources */ = {isa = PBXBuildFile; fileRef = E59A4A7229DFC5FF0033B09B /* XCTestCase+XCTAssertErrorType.swift */; };
		E5C3FA0B29F7B82300BC1AF7 /* UpsertFeedModal.swift in Sources */ = {isa = PBXBuildFile; fileRef = E5C3FA0A29F7B82300BC1AF7 /* UpsertFeedModal.swift */; };
		E5C3FA0F29F7C85500BC1AF7 /* ModalStore.swift in Sources */ = {isa = PBXBuildFile; fileRef = E5C3FA0E29F7C85500BC1AF7 /* ModalStore.swift */; };
		E5C3FA1129F80A7E00BC1AF7 /* ValidationMessageView.swift in Sources */ = {isa = PBXBuildFile; fileRef = E5C3FA1029F80A7E00BC1AF7 /* ValidationMessageView.swift */; };
		E5D7189329EE4AAB00B4309C /* Entry.swift in Sources */ = {isa = PBXBuildFile; fileRef = E5D7189229EE4AAB00B4309C /* Entry.swift */; };
		E5D718B229EFE07700B4309C /* ListItemView.swift in Sources */ = {isa = PBXBuildFile; fileRef = E5D718B129EFE07700B4309C /* ListItemView.swift */; };
		E5D718B429EFE3E400B4309C /* DetailsItemView.swift in Sources */ = {isa = PBXBuildFile; fileRef = E5D718B329EFE3E400B4309C /* DetailsItemView.swift */; };
		E5D718B829F18B1000B4309C /* ListActionsView.swift in Sources */ = {isa = PBXBuildFile; fileRef = E5D718B729F18B1000B4309C /* ListActionsView.swift */; };
		E5D718BA29F18BDF00B4309C /* SelectedFeedStore.swift in Sources */ = {isa = PBXBuildFile; fileRef = E5D718B929F18BDF00B4309C /* SelectedFeedStore.swift */; };
		E5D718C229F25C7700B4309C /* ActionButtonView.swift in Sources */ = {isa = PBXBuildFile; fileRef = E5D718C129F25C7700B4309C /* ActionButtonView.swift */; };
/* End PBXBuildFile section */

/* Begin PBXContainerItemProxy section */
		E559589E29D41260008D7307 /* PBXContainerItemProxy */ = {
			isa = PBXContainerItemProxy;
			containerPortal = E559588429D4125F008D7307 /* Project object */;
			proxyType = 1;
			remoteGlobalIDString = E559588B29D4125F008D7307;
			remoteInfo = TRssReader;
		};
/* End PBXContainerItemProxy section */

/* Begin PBXFileReference section */
		E521B75629E8F4A5007FD06A /* ResultMessageView.swift */ = {isa = PBXFileReference; lastKnownFileType = sourcecode.swift; path = ResultMessageView.swift; sourceTree = "<group>"; };
		E521B75829E8FCF2007FD06A /* StatefulPreview.swift */ = {isa = PBXFileReference; lastKnownFileType = sourcecode.swift; path = StatefulPreview.swift; sourceTree = "<group>"; };
		E521B75A29E904F1007FD06A /* Env.xcconfig */ = {isa = PBXFileReference; lastKnownFileType = text.xcconfig; path = Env.xcconfig; sourceTree = "<group>"; };
		E521B75B29E90568007FD06A /* EnvExample.xcconfig */ = {isa = PBXFileReference; lastKnownFileType = text.xcconfig; path = EnvExample.xcconfig; sourceTree = "<group>"; };
		E521B76029ECF417007FD06A /* FeedsStore.swift */ = {isa = PBXFileReference; lastKnownFileType = sourcecode.swift; path = FeedsStore.swift; sourceTree = "<group>"; };
		E559588C29D4125F008D7307 /* TRssReader.app */ = {isa = PBXFileReference; explicitFileType = wrapper.application; includeInIndex = 0; path = TRssReader.app; sourceTree = BUILT_PRODUCTS_DIR; };
		E559588F29D4125F008D7307 /* TRssReaderApp.swift */ = {isa = PBXFileReference; lastKnownFileType = sourcecode.swift; path = TRssReaderApp.swift; sourceTree = "<group>"; };
		E559589329D41260008D7307 /* Assets.xcassets */ = {isa = PBXFileReference; lastKnownFileType = folder.assetcatalog; path = Assets.xcassets; sourceTree = "<group>"; };
		E559589529D41260008D7307 /* TRssReader.entitlements */ = {isa = PBXFileReference; lastKnownFileType = text.plist.entitlements; path = TRssReader.entitlements; sourceTree = "<group>"; };
		E559589729D41260008D7307 /* Preview Assets.xcassets */ = {isa = PBXFileReference; lastKnownFileType = folder.assetcatalog; path = "Preview Assets.xcassets"; sourceTree = "<group>"; };
		E559589D29D41260008D7307 /* TRssReaderTests.xctest */ = {isa = PBXFileReference; explicitFileType = wrapper.cfbundle; includeInIndex = 0; path = TRssReaderTests.xctest; sourceTree = BUILT_PRODUCTS_DIR; };
		E56DFE1329E7B13B003C687E /* TokenStore.swift */ = {isa = PBXFileReference; lastKnownFileType = sourcecode.swift; path = TokenStore.swift; sourceTree = "<group>"; };
		E56DFE1529E7B466003C687E /* Date.swift */ = {isa = PBXFileReference; lastKnownFileType = sourcecode.swift; path = Date.swift; sourceTree = "<group>"; };
		E56DFE1729E7BCCB003C687E /* DetailsView.swift */ = {isa = PBXFileReference; lastKnownFileType = sourcecode.swift; path = DetailsView.swift; sourceTree = "<group>"; };
		E56DFE1A29E7BF41003C687E /* ListView.swift */ = {isa = PBXFileReference; lastKnownFileType = sourcecode.swift; path = ListView.swift; sourceTree = "<group>"; };
		E56DFE1C29E7C025003C687E /* ListDetailsView.swift */ = {isa = PBXFileReference; lastKnownFileType = sourcecode.swift; path = ListDetailsView.swift; sourceTree = "<group>"; };
		E56DFE1E29E7DE64003C687E /* LoginView.swift */ = {isa = PBXFileReference; lastKnownFileType = sourcecode.swift; path = LoginView.swift; sourceTree = "<group>"; };
		E582ACF129DA80980083CCFF /* Feed.swift */ = {isa = PBXFileReference; lastKnownFileType = sourcecode.swift; path = Feed.swift; sourceTree = "<group>"; };
		E582ACF329DA81200083CCFF /* Token.swift */ = {isa = PBXFileReference; lastKnownFileType = sourcecode.swift; path = Token.swift; sourceTree = "<group>"; };
		E582ACF529DA836A0083CCFF /* FeedsService.swift */ = {isa = PBXFileReference; lastKnownFileType = sourcecode.swift; path = FeedsService.swift; sourceTree = "<group>"; };
		E582ACFA29DA8F620083CCFF /* Env.swift */ = {isa = PBXFileReference; lastKnownFileType = sourcecode.swift; path = Env.swift; sourceTree = "<group>"; };
		E582AD0329DAA0D70083CCFF /* AuthorizedService.swift */ = {isa = PBXFileReference; lastKnownFileType = sourcecode.swift; path = AuthorizedService.swift; sourceTree = "<group>"; };
		E582AD0529DAA3D70083CCFF /* Constants.swift */ = {isa = PBXFileReference; lastKnownFileType = sourcecode.swift; path = Constants.swift; sourceTree = "<group>"; };
		E582AD0829DAE3250083CCFF /* AuthorizedServiceTests.swift */ = {isa = PBXFileReference; lastKnownFileType = sourcecode.swift; path = AuthorizedServiceTests.swift; sourceTree = "<group>"; };
		E58F075F2D0049EE001FF9CE /* PreviewError.swift */ = {isa = PBXFileReference; lastKnownFileType = sourcecode.swift; path = PreviewError.swift; sourceTree = "<group>"; };
		E58F07612D004DCC001FF9CE /* LoginViewModel.swift */ = {isa = PBXFileReference; lastKnownFileType = sourcecode.swift; path = LoginViewModel.swift; sourceTree = "<group>"; };
		E59A4A6529DBC0DD0033B09B /* KeychainKey.swift */ = {isa = PBXFileReference; lastKnownFileType = sourcecode.swift; path = KeychainKey.swift; sourceTree = "<group>"; };
		E59A4A6729DE6F680033B09B /* LoginService.swift */ = {isa = PBXFileReference; lastKnownFileType = sourcecode.swift; path = LoginService.swift; sourceTree = "<group>"; };
		E59A4A6A29DFB19A0033B09B /* URLResponse.swift */ = {isa = PBXFileReference; lastKnownFileType = sourcecode.swift; path = URLResponse.swift; sourceTree = "<group>"; };
		E59A4A6C29DFB4440033B09B /* EntriesService.swift */ = {isa = PBXFileReference; lastKnownFileType = sourcecode.swift; path = EntriesService.swift; sourceTree = "<group>"; };
		E59A4A6E29DFBC8A0033B09B /* ServiceError.swift */ = {isa = PBXFileReference; lastKnownFileType = sourcecode.swift; path = ServiceError.swift; sourceTree = "<group>"; };
		E59A4A7029DFBF2B0033B09B /* LastAccessService.swift */ = {isa = PBXFileReference; lastKnownFileType = sourcecode.swift; path = LastAccessService.swift; sourceTree = "<group>"; };
		E59A4A7229DFC5FF0033B09B /* XCTestCase+XCTAssertErrorType.swift */ = {isa = PBXFileReference; lastKnownFileType = sourcecode.swift; path = "XCTestCase+XCTAssertErrorType.swift"; sourceTree = "<group>"; };
		E5C3FA0A29F7B82300BC1AF7 /* UpsertFeedModal.swift */ = {isa = PBXFileReference; lastKnownFileType = sourcecode.swift; path = UpsertFeedModal.swift; sourceTree = "<group>"; };
		E5C3FA0E29F7C85500BC1AF7 /* ModalStore.swift */ = {isa = PBXFileReference; lastKnownFileType = sourcecode.swift; path = ModalStore.swift; sourceTree = "<group>"; };
		E5C3FA1029F80A7E00BC1AF7 /* ValidationMessageView.swift */ = {isa = PBXFileReference; lastKnownFileType = sourcecode.swift; path = ValidationMessageView.swift; sourceTree = "<group>"; };
		E5D7189229EE4AAB00B4309C /* Entry.swift */ = {isa = PBXFileReference; lastKnownFileType = sourcecode.swift; path = Entry.swift; sourceTree = "<group>"; };
		E5D718B129EFE07700B4309C /* ListItemView.swift */ = {isa = PBXFileReference; lastKnownFileType = sourcecode.swift; path = ListItemView.swift; sourceTree = "<group>"; };
		E5D718B329EFE3E400B4309C /* DetailsItemView.swift */ = {isa = PBXFileReference; lastKnownFileType = sourcecode.swift; path = DetailsItemView.swift; sourceTree = "<group>"; };
		E5D718B729F18B1000B4309C /* ListActionsView.swift */ = {isa = PBXFileReference; lastKnownFileType = sourcecode.swift; path = ListActionsView.swift; sourceTree = "<group>"; };
		E5D718B929F18BDF00B4309C /* SelectedFeedStore.swift */ = {isa = PBXFileReference; lastKnownFileType = sourcecode.swift; path = SelectedFeedStore.swift; sourceTree = "<group>"; };
		E5D718C129F25C7700B4309C /* ActionButtonView.swift */ = {isa = PBXFileReference; lastKnownFileType = sourcecode.swift; path = ActionButtonView.swift; sourceTree = "<group>"; };
/* End PBXFileReference section */

/* Begin PBXFrameworksBuildPhase section */
		E559588929D4125F008D7307 /* Frameworks */ = {
			isa = PBXFrameworksBuildPhase;
			buildActionMask = 2147483647;
			files = (
				E56DFE1129E7AE70003C687E /* Keychain in Frameworks */,
			);
			runOnlyForDeploymentPostprocessing = 0;
		};
		E559589A29D41260008D7307 /* Frameworks */ = {
			isa = PBXFrameworksBuildPhase;
			buildActionMask = 2147483647;
			files = (
			);
			runOnlyForDeploymentPostprocessing = 0;
		};
/* End PBXFrameworksBuildPhase section */

/* Begin PBXGroup section */
		E559588329D4125F008D7307 = {
			isa = PBXGroup;
			children = (
				E559588E29D4125F008D7307 /* TRssReader */,
				E55958A029D41260008D7307 /* TRssReaderTests */,
				E559588D29D4125F008D7307 /* Products */,
			);
			sourceTree = "<group>";
		};
		E559588D29D4125F008D7307 /* Products */ = {
			isa = PBXGroup;
			children = (
				E559588C29D4125F008D7307 /* TRssReader.app */,
				E559589D29D41260008D7307 /* TRssReaderTests.xctest */,
			);
			name = Products;
			sourceTree = "<group>";
		};
		E559588E29D4125F008D7307 /* TRssReader */ = {
			isa = PBXGroup;
			children = (
				E59A4A6929DFB0960033B09B /* Extensions */,
				E582ACEB29DA7FF80083CCFF /* Models */,
				E56DFE1229E7B0FD003C687E /* Stores */,
				E582ACF029DA805C0083CCFF /* Services */,
				E582ACEF29DA80270083CCFF /* Utils */,
				E582ACEC29DA80030083CCFF /* Views */,
				E559588F29D4125F008D7307 /* TRssReaderApp.swift */,
				E521B75A29E904F1007FD06A /* Env.xcconfig */,
				E521B75B29E90568007FD06A /* EnvExample.xcconfig */,
				E559589329D41260008D7307 /* Assets.xcassets */,
				E559589529D41260008D7307 /* TRssReader.entitlements */,
				E559589629D41260008D7307 /* Preview Content */,
				E582AD0529DAA3D70083CCFF /* Constants.swift */,
			);
			path = TRssReader;
			sourceTree = "<group>";
		};
		E559589629D41260008D7307 /* Preview Content */ = {
			isa = PBXGroup;
			children = (
				E559589729D41260008D7307 /* Preview Assets.xcassets */,
				E521B75829E8FCF2007FD06A /* StatefulPreview.swift */,
			);
			path = "Preview Content";
			sourceTree = "<group>";
		};
		E55958A029D41260008D7307 /* TRssReaderTests */ = {
			isa = PBXGroup;
			children = (
				E582AD0729DAE30D0083CCFF /* Services */,
				E59A4A7229DFC5FF0033B09B /* XCTestCase+XCTAssertErrorType.swift */,
			);
			path = TRssReaderTests;
			sourceTree = "<group>";
		};
		E56DFE1229E7B0FD003C687E /* Stores */ = {
			isa = PBXGroup;
			children = (
				E56DFE1329E7B13B003C687E /* TokenStore.swift */,
				E521B76029ECF417007FD06A /* FeedsStore.swift */,
				E5D718B929F18BDF00B4309C /* SelectedFeedStore.swift */,
				E5C3FA0E29F7C85500BC1AF7 /* ModalStore.swift */,
			);
			path = Stores;
			sourceTree = "<group>";
		};
		E582ACEB29DA7FF80083CCFF /* Models */ = {
			isa = PBXGroup;
			children = (
				E582ACF129DA80980083CCFF /* Feed.swift */,
				E582ACF329DA81200083CCFF /* Token.swift */,
				E5D7189229EE4AAB00B4309C /* Entry.swift */,
			);
			path = Models;
			sourceTree = "<group>";
		};
		E582ACEC29DA80030083CCFF /* Views */ = {
			isa = PBXGroup;
			children = (
				E5D718D529F76F7400B4309C /* Screens */,
				E5D718D229F76EFF00B4309C /* List */,
				E5D718D329F76F0600B4309C /* Details */,
				E5C3FA0729F7B7D900BC1AF7 /* Modal */,
				E5D718D429F76F2C00B4309C /* Shared */,
			);
			path = Views;
			sourceTree = "<group>";
		};
		E582ACEF29DA80270083CCFF /* Utils */ = {
			isa = PBXGroup;
			children = (
				E58F075F2D0049EE001FF9CE /* PreviewError.swift */,
				E582ACFA29DA8F620083CCFF /* Env.swift */,
				E59A4A6529DBC0DD0033B09B /* KeychainKey.swift */,
			);
			path = Utils;
			sourceTree = "<group>";
		};
		E582ACF029DA805C0083CCFF /* Services */ = {
			isa = PBXGroup;
			children = (
				E582ACF529DA836A0083CCFF /* FeedsService.swift */,
				E582AD0329DAA0D70083CCFF /* AuthorizedService.swift */,
				E59A4A6729DE6F680033B09B /* LoginService.swift */,
				E59A4A6C29DFB4440033B09B /* EntriesService.swift */,
				E59A4A6E29DFBC8A0033B09B /* ServiceError.swift */,
				E59A4A7029DFBF2B0033B09B /* LastAccessService.swift */,
			);
			path = Services;
			sourceTree = "<group>";
		};
		E582AD0729DAE30D0083CCFF /* Services */ = {
			isa = PBXGroup;
			children = (
				E582AD0829DAE3250083CCFF /* AuthorizedServiceTests.swift */,
			);
			path = Services;
			sourceTree = "<group>";
		};
		E59A4A6929DFB0960033B09B /* Extensions */ = {
			isa = PBXGroup;
			children = (
				E59A4A6A29DFB19A0033B09B /* URLResponse.swift */,
				E56DFE1529E7B466003C687E /* Date.swift */,
			);
			path = Extensions;
			sourceTree = "<group>";
		};
		E5C3FA0729F7B7D900BC1AF7 /* Modal */ = {
			isa = PBXGroup;
			children = (
				E5C3FA0A29F7B82300BC1AF7 /* UpsertFeedModal.swift */,
			);
			path = Modal;
			sourceTree = "<group>";
		};
		E5D718D229F76EFF00B4309C /* List */ = {
			isa = PBXGroup;
			children = (
				E56DFE1A29E7BF41003C687E /* ListView.swift */,
				E5D718B729F18B1000B4309C /* ListActionsView.swift */,
				E5D718B129EFE07700B4309C /* ListItemView.swift */,
			);
			path = List;
			sourceTree = "<group>";
		};
		E5D718D329F76F0600B4309C /* Details */ = {
			isa = PBXGroup;
			children = (
				E56DFE1729E7BCCB003C687E /* DetailsView.swift */,
				E5D718B329EFE3E400B4309C /* DetailsItemView.swift */,
			);
			path = Details;
			sourceTree = "<group>";
		};
		E5D718D429F76F2C00B4309C /* Shared */ = {
			isa = PBXGroup;
			children = (
				E521B75629E8F4A5007FD06A /* ResultMessageView.swift */,
				E5C3FA1029F80A7E00BC1AF7 /* ValidationMessageView.swift */,
				E5D718C129F25C7700B4309C /* ActionButtonView.swift */,
			);
			path = Shared;
			sourceTree = "<group>";
		};
		E5D718D529F76F7400B4309C /* Screens */ = {
			isa = PBXGroup;
			children = (
				E56DFE1E29E7DE64003C687E /* LoginView.swift */,
				E58F07612D004DCC001FF9CE /* LoginViewModel.swift */,
				E56DFE1C29E7C025003C687E /* ListDetailsView.swift */,
			);
			path = Screens;
			sourceTree = "<group>";
		};
/* End PBXGroup section */

/* Begin PBXNativeTarget section */
		E559588B29D4125F008D7307 /* TRssReader */ = {
			isa = PBXNativeTarget;
			buildConfigurationList = E55958B129D41260008D7307 /* Build configuration list for PBXNativeTarget "TRssReader" */;
			buildPhases = (
				E559588829D4125F008D7307 /* Sources */,
				E559588929D4125F008D7307 /* Frameworks */,
				E559588A29D4125F008D7307 /* Resources */,
			);
			buildRules = (
			);
			dependencies = (
			);
			name = TRssReader;
			packageProductDependencies = (
				E56DFE1029E7AE70003C687E /* Keychain */,
			);
			productName = TRssReader;
			productReference = E559588C29D4125F008D7307 /* TRssReader.app */;
			productType = "com.apple.product-type.application";
		};
		E559589C29D41260008D7307 /* TRssReaderTests */ = {
			isa = PBXNativeTarget;
			buildConfigurationList = E55958B429D41260008D7307 /* Build configuration list for PBXNativeTarget "TRssReaderTests" */;
			buildPhases = (
				E559589929D41260008D7307 /* Sources */,
				E559589A29D41260008D7307 /* Frameworks */,
				E559589B29D41260008D7307 /* Resources */,
			);
			buildRules = (
			);
			dependencies = (
				E559589F29D41260008D7307 /* PBXTargetDependency */,
			);
			name = TRssReaderTests;
			productName = TRssReaderTests;
			productReference = E559589D29D41260008D7307 /* TRssReaderTests.xctest */;
			productType = "com.apple.product-type.bundle.unit-test";
		};
/* End PBXNativeTarget section */

/* Begin PBXProject section */
		E559588429D4125F008D7307 /* Project object */ = {
			isa = PBXProject;
			attributes = {
				BuildIndependentTargetsInParallel = 1;
				LastSwiftUpdateCheck = 1420;
				LastUpgradeCheck = 1610;
				TargetAttributes = {
					E559588B29D4125F008D7307 = {
						CreatedOnToolsVersion = 14.2;
					};
					E559589C29D41260008D7307 = {
						CreatedOnToolsVersion = 14.2;
						TestTargetID = E559588B29D4125F008D7307;
					};
				};
			};
			buildConfigurationList = E559588729D4125F008D7307 /* Build configuration list for PBXProject "TRssReader" */;
			compatibilityVersion = "Xcode 14.0";
			developmentRegion = en;
			hasScannedForEncodings = 0;
			knownRegions = (
				en,
				Base,
			);
			mainGroup = E559588329D4125F008D7307;
			packageReferences = (
				E56DFE0F29E7AE70003C687E /* XCRemoteSwiftPackageReference "keychain" */,
			);
			productRefGroup = E559588D29D4125F008D7307 /* Products */;
			projectDirPath = "";
			projectRoot = "";
			targets = (
				E559588B29D4125F008D7307 /* TRssReader */,
				E559589C29D41260008D7307 /* TRssReaderTests */,
			);
		};
/* End PBXProject section */

/* Begin PBXResourcesBuildPhase section */
		E559588A29D4125F008D7307 /* Resources */ = {
			isa = PBXResourcesBuildPhase;
			buildActionMask = 2147483647;
			files = (
				E559589829D41260008D7307 /* Preview Assets.xcassets in Resources */,
				E559589429D41260008D7307 /* Assets.xcassets in Resources */,
			);
			runOnlyForDeploymentPostprocessing = 0;
		};
		E559589B29D41260008D7307 /* Resources */ = {
			isa = PBXResourcesBuildPhase;
			buildActionMask = 2147483647;
			files = (
			);
			runOnlyForDeploymentPostprocessing = 0;
		};
/* End PBXResourcesBuildPhase section */

/* Begin PBXSourcesBuildPhase section */
		E559588829D4125F008D7307 /* Sources */ = {
			isa = PBXSourcesBuildPhase;
			buildActionMask = 2147483647;
			files = (
				E59A4A6B29DFB19A0033B09B /* URLResponse.swift in Sources */,
				E5C3FA1129F80A7E00BC1AF7 /* ValidationMessageView.swift in Sources */,
				E58F07622D004DD0001FF9CE /* LoginViewModel.swift in Sources */,
				E56DFE1829E7BCCB003C687E /* DetailsView.swift in Sources */,
				E582ACF229DA80980083CCFF /* Feed.swift in Sources */,
				E5C3FA0B29F7B82300BC1AF7 /* UpsertFeedModal.swift in Sources */,
				E5D718B229EFE07700B4309C /* ListItemView.swift in Sources */,
				E582AD0429DAA0D70083CCFF /* AuthorizedService.swift in Sources */,
				E56DFE1F29E7DE64003C687E /* LoginView.swift in Sources */,
				E56DFE1629E7B466003C687E /* Date.swift in Sources */,
				E559589029D4125F008D7307 /* TRssReaderApp.swift in Sources */,
				E582ACFB29DA8F620083CCFF /* Env.swift in Sources */,
				E521B75929E8FCF2007FD06A /* StatefulPreview.swift in Sources */,
				E5D718B829F18B1000B4309C /* ListActionsView.swift in Sources */,
				E59A4A6D29DFB4440033B09B /* EntriesService.swift in Sources */,
				E59A4A6629DBC0DD0033B09B /* KeychainKey.swift in Sources */,
				E59A4A6F29DFBC8A0033B09B /* ServiceError.swift in Sources */,
				E56DFE1429E7B13B003C687E /* TokenStore.swift in Sources */,
				E582ACF429DA81200083CCFF /* Token.swift in Sources */,
				E5D718C229F25C7700B4309C /* ActionButtonView.swift in Sources */,
				E521B75729E8F4A5007FD06A /* ResultMessageView.swift in Sources */,
				E59A4A6829DE6F680033B09B /* LoginService.swift in Sources */,
				E5D7189329EE4AAB00B4309C /* Entry.swift in Sources */,
				E56DFE1B29E7BF41003C687E /* ListView.swift in Sources */,
				E521B76129ECF417007FD06A /* FeedsStore.swift in Sources */,
				E582ACF629DA836A0083CCFF /* FeedsService.swift in Sources */,
				E58F07602D0049EE001FF9CE /* PreviewError.swift in Sources */,
				E56DFE1D29E7C025003C687E /* ListDetailsView.swift in Sources */,
				E582AD0629DAA3D70083CCFF /* Constants.swift in Sources */,
				E5D718BA29F18BDF00B4309C /* SelectedFeedStore.swift in Sources */,
				E5D718B429EFE3E400B4309C /* DetailsItemView.swift in Sources */,
				E5C3FA0F29F7C85500BC1AF7 /* ModalStore.swift in Sources */,
				E59A4A7129DFBF2B0033B09B /* LastAccessService.swift in Sources */,
			);
			runOnlyForDeploymentPostprocessing = 0;
		};
		E559589929D41260008D7307 /* Sources */ = {
			isa = PBXSourcesBuildPhase;
			buildActionMask = 2147483647;
			files = (
				E582AD0929DAE3250083CCFF /* AuthorizedServiceTests.swift in Sources */,
				E59A4A7329DFC5FF0033B09B /* XCTestCase+XCTAssertErrorType.swift in Sources */,
			);
			runOnlyForDeploymentPostprocessing = 0;
		};
/* End PBXSourcesBuildPhase section */

/* Begin PBXTargetDependency section */
		E559589F29D41260008D7307 /* PBXTargetDependency */ = {
			isa = PBXTargetDependency;
			target = E559588B29D4125F008D7307 /* TRssReader */;
			targetProxy = E559589E29D41260008D7307 /* PBXContainerItemProxy */;
		};
/* End PBXTargetDependency section */

/* Begin XCBuildConfiguration section */
		E521B75C29E91817007FD06A /* Test */ = {
			isa = XCBuildConfiguration;
			buildSettings = {
				ALWAYS_SEARCH_USER_PATHS = NO;
				CLANG_ANALYZER_NONNULL = YES;
				CLANG_ANALYZER_NUMBER_OBJECT_CONVERSION = YES_AGGRESSIVE;
				CLANG_CXX_LANGUAGE_STANDARD = "gnu++20";
				CLANG_ENABLE_MODULES = YES;
				CLANG_ENABLE_OBJC_ARC = YES;
				CLANG_ENABLE_OBJC_WEAK = YES;
				CLANG_WARN_BLOCK_CAPTURE_AUTORELEASING = YES;
				CLANG_WARN_BOOL_CONVERSION = YES;
				CLANG_WARN_COMMA = YES;
				CLANG_WARN_CONSTANT_CONVERSION = YES;
				CLANG_WARN_DEPRECATED_OBJC_IMPLEMENTATIONS = YES;
				CLANG_WARN_DIRECT_OBJC_ISA_USAGE = YES_ERROR;
				CLANG_WARN_DOCUMENTATION_COMMENTS = YES;
				CLANG_WARN_EMPTY_BODY = YES;
				CLANG_WARN_ENUM_CONVERSION = YES;
				CLANG_WARN_INFINITE_RECURSION = YES;
				CLANG_WARN_INT_CONVERSION = YES;
				CLANG_WARN_NON_LITERAL_NULL_CONVERSION = YES;
				CLANG_WARN_OBJC_IMPLICIT_RETAIN_SELF = YES;
				CLANG_WARN_OBJC_LITERAL_CONVERSION = YES;
				CLANG_WARN_OBJC_ROOT_CLASS = YES_ERROR;
				CLANG_WARN_QUOTED_INCLUDE_IN_FRAMEWORK_HEADER = YES;
				CLANG_WARN_RANGE_LOOP_ANALYSIS = YES;
				CLANG_WARN_STRICT_PROTOTYPES = YES;
				CLANG_WARN_SUSPICIOUS_MOVE = YES;
				CLANG_WARN_UNGUARDED_AVAILABILITY = YES_AGGRESSIVE;
				CLANG_WARN_UNREACHABLE_CODE = YES;
				CLANG_WARN__DUPLICATE_METHOD_MATCH = YES;
				COPY_PHASE_STRIP = NO;
				DEAD_CODE_STRIPPING = YES;
				DEBUG_INFORMATION_FORMAT = dwarf;
				ENABLE_STRICT_OBJC_MSGSEND = YES;
				ENABLE_TESTABILITY = YES;
				ENABLE_USER_SCRIPT_SANDBOXING = YES;
				GCC_C_LANGUAGE_STANDARD = gnu11;
				GCC_DYNAMIC_NO_PIC = NO;
				GCC_NO_COMMON_BLOCKS = YES;
				GCC_OPTIMIZATION_LEVEL = 0;
				GCC_PREPROCESSOR_DEFINITIONS = (
					"DEBUG=1",
					"$(inherited)",
				);
				GCC_WARN_64_TO_32_BIT_CONVERSION = YES;
				GCC_WARN_ABOUT_RETURN_TYPE = YES_ERROR;
				GCC_WARN_UNDECLARED_SELECTOR = YES;
				GCC_WARN_UNINITIALIZED_AUTOS = YES_AGGRESSIVE;
				GCC_WARN_UNUSED_FUNCTION = YES;
				GCC_WARN_UNUSED_VARIABLE = YES;
				IPHONEOS_DEPLOYMENT_TARGET = 18.0;
				MACOSX_DEPLOYMENT_TARGET = 15.0;
				MTL_ENABLE_DEBUG_INFO = INCLUDE_SOURCE;
				MTL_FAST_MATH = YES;
				ONLY_ACTIVE_ARCH = YES;
				SWIFT_ACTIVE_COMPILATION_CONDITIONS = DEBUG;
				SWIFT_OPTIMIZATION_LEVEL = "-Onone";
			};
			name = Test;
		};
		E521B75D29E91817007FD06A /* Test */ = {
			isa = XCBuildConfiguration;
			buildSettings = {
				ASSETCATALOG_COMPILER_APPICON_NAME = AppIcon;
				ASSETCATALOG_COMPILER_GLOBAL_ACCENT_COLOR_NAME = AccentColor;
				CODE_SIGN_ENTITLEMENTS = TRssReader/TRssReader.entitlements;
				CODE_SIGN_STYLE = Automatic;
				CURRENT_PROJECT_VERSION = 1;
				DEAD_CODE_STRIPPING = YES;
				DEVELOPMENT_ASSET_PATHS = "\"TRssReader/Preview Content\"";
				ENABLE_PREVIEWS = YES;
				GENERATE_INFOPLIST_FILE = YES;
				INFOPLIST_FILE = TRssReader/Info.plist;
				INFOPLIST_KEY_CFBundleDisplayName = "t-rss-reader";
				INFOPLIST_KEY_LSApplicationCategoryType = "public.app-category.productivity";
				"INFOPLIST_KEY_UIApplicationSceneManifest_Generation[sdk=iphoneos*]" = YES;
				"INFOPLIST_KEY_UIApplicationSceneManifest_Generation[sdk=iphonesimulator*]" = YES;
				"INFOPLIST_KEY_UIApplicationSupportsIndirectInputEvents[sdk=iphoneos*]" = YES;
				"INFOPLIST_KEY_UIApplicationSupportsIndirectInputEvents[sdk=iphonesimulator*]" = YES;
				"INFOPLIST_KEY_UILaunchScreen_Generation[sdk=iphoneos*]" = YES;
				"INFOPLIST_KEY_UILaunchScreen_Generation[sdk=iphonesimulator*]" = YES;
				"INFOPLIST_KEY_UIStatusBarStyle[sdk=iphoneos*]" = UIStatusBarStyleDefault;
				"INFOPLIST_KEY_UIStatusBarStyle[sdk=iphonesimulator*]" = UIStatusBarStyleDefault;
				INFOPLIST_KEY_UISupportedInterfaceOrientations = "UIInterfaceOrientationLandscapeLeft UIInterfaceOrientationLandscapeRight UIInterfaceOrientationPortrait";
				IPHONEOS_DEPLOYMENT_TARGET = 18.0;
				LD_RUNPATH_SEARCH_PATHS = "@executable_path/Frameworks";
				"LD_RUNPATH_SEARCH_PATHS[sdk=macosx*]" = "@executable_path/../Frameworks";
				MACOSX_DEPLOYMENT_TARGET = 15.0;
				MARKETING_VERSION = 0.1.0;
				PRODUCT_BUNDLE_IDENTIFIER = com.tyhopp.TRssReader;
				PRODUCT_NAME = "$(TARGET_NAME)";
				SDKROOT = auto;
				SUPPORTED_PLATFORMS = "iphoneos iphonesimulator macosx";
				SWIFT_EMIT_LOC_STRINGS = YES;
				SWIFT_VERSION = 5.0;
				TARGETED_DEVICE_FAMILY = "1,2";
			};
			name = Test;
		};
		E521B75E29E91817007FD06A /* Test */ = {
			isa = XCBuildConfiguration;
			buildSettings = {
				BUNDLE_LOADER = "$(TEST_HOST)";
				CODE_SIGN_STYLE = Automatic;
				CURRENT_PROJECT_VERSION = 1;
				DEAD_CODE_STRIPPING = YES;
				GENERATE_INFOPLIST_FILE = YES;
				IPHONEOS_DEPLOYMENT_TARGET = 18.0;
				MACOSX_DEPLOYMENT_TARGET = 15.0;
				MARKETING_VERSION = 1.0;
				PRODUCT_BUNDLE_IDENTIFIER = com.tyhopp.TRssReaderTests;
				PRODUCT_NAME = "$(TARGET_NAME)";
				SDKROOT = auto;
				SUPPORTED_PLATFORMS = "iphoneos iphonesimulator macosx";
				SWIFT_EMIT_LOC_STRINGS = NO;
				SWIFT_VERSION = 5.0;
				TARGETED_DEVICE_FAMILY = "1,2";
				TEST_HOST = "$(BUILT_PRODUCTS_DIR)/TRssReader.app/$(BUNDLE_EXECUTABLE_FOLDER_PATH)/TRssReader";
			};
			name = Test;
		};
		E55958AF29D41260008D7307 /* Debug */ = {
			isa = XCBuildConfiguration;
			buildSettings = {
				ALWAYS_SEARCH_USER_PATHS = NO;
				CLANG_ANALYZER_NONNULL = YES;
				CLANG_ANALYZER_NUMBER_OBJECT_CONVERSION = YES_AGGRESSIVE;
				CLANG_CXX_LANGUAGE_STANDARD = "gnu++20";
				CLANG_ENABLE_MODULES = YES;
				CLANG_ENABLE_OBJC_ARC = YES;
				CLANG_ENABLE_OBJC_WEAK = YES;
				CLANG_WARN_BLOCK_CAPTURE_AUTORELEASING = YES;
				CLANG_WARN_BOOL_CONVERSION = YES;
				CLANG_WARN_COMMA = YES;
				CLANG_WARN_CONSTANT_CONVERSION = YES;
				CLANG_WARN_DEPRECATED_OBJC_IMPLEMENTATIONS = YES;
				CLANG_WARN_DIRECT_OBJC_ISA_USAGE = YES_ERROR;
				CLANG_WARN_DOCUMENTATION_COMMENTS = YES;
				CLANG_WARN_EMPTY_BODY = YES;
				CLANG_WARN_ENUM_CONVERSION = YES;
				CLANG_WARN_INFINITE_RECURSION = YES;
				CLANG_WARN_INT_CONVERSION = YES;
				CLANG_WARN_NON_LITERAL_NULL_CONVERSION = YES;
				CLANG_WARN_OBJC_IMPLICIT_RETAIN_SELF = YES;
				CLANG_WARN_OBJC_LITERAL_CONVERSION = YES;
				CLANG_WARN_OBJC_ROOT_CLASS = YES_ERROR;
				CLANG_WARN_QUOTED_INCLUDE_IN_FRAMEWORK_HEADER = YES;
				CLANG_WARN_RANGE_LOOP_ANALYSIS = YES;
				CLANG_WARN_STRICT_PROTOTYPES = YES;
				CLANG_WARN_SUSPICIOUS_MOVE = YES;
				CLANG_WARN_UNGUARDED_AVAILABILITY = YES_AGGRESSIVE;
				CLANG_WARN_UNREACHABLE_CODE = YES;
				CLANG_WARN__DUPLICATE_METHOD_MATCH = YES;
				COPY_PHASE_STRIP = NO;
				DEAD_CODE_STRIPPING = YES;
				DEBUG_INFORMATION_FORMAT = dwarf;
				ENABLE_STRICT_OBJC_MSGSEND = YES;
				ENABLE_TESTABILITY = YES;
				ENABLE_USER_SCRIPT_SANDBOXING = YES;
				GCC_C_LANGUAGE_STANDARD = gnu11;
				GCC_DYNAMIC_NO_PIC = NO;
				GCC_NO_COMMON_BLOCKS = YES;
				GCC_OPTIMIZATION_LEVEL = 0;
				GCC_PREPROCESSOR_DEFINITIONS = (
					"DEBUG=1",
					"$(inherited)",
				);
				GCC_WARN_64_TO_32_BIT_CONVERSION = YES;
				GCC_WARN_ABOUT_RETURN_TYPE = YES_ERROR;
				GCC_WARN_UNDECLARED_SELECTOR = YES;
				GCC_WARN_UNINITIALIZED_AUTOS = YES_AGGRESSIVE;
				GCC_WARN_UNUSED_FUNCTION = YES;
				GCC_WARN_UNUSED_VARIABLE = YES;
				IPHONEOS_DEPLOYMENT_TARGET = 18.0;
				MACOSX_DEPLOYMENT_TARGET = 15.0;
				MTL_ENABLE_DEBUG_INFO = INCLUDE_SOURCE;
				MTL_FAST_MATH = YES;
				ONLY_ACTIVE_ARCH = YES;
				SWIFT_ACTIVE_COMPILATION_CONDITIONS = DEBUG;
				SWIFT_OPTIMIZATION_LEVEL = "-Onone";
			};
			name = Debug;
		};
		E55958B029D41260008D7307 /* Release */ = {
			isa = XCBuildConfiguration;
			buildSettings = {
				ALWAYS_SEARCH_USER_PATHS = NO;
				CLANG_ANALYZER_NONNULL = YES;
				CLANG_ANALYZER_NUMBER_OBJECT_CONVERSION = YES_AGGRESSIVE;
				CLANG_CXX_LANGUAGE_STANDARD = "gnu++20";
				CLANG_ENABLE_MODULES = YES;
				CLANG_ENABLE_OBJC_ARC = YES;
				CLANG_ENABLE_OBJC_WEAK = YES;
				CLANG_WARN_BLOCK_CAPTURE_AUTORELEASING = YES;
				CLANG_WARN_BOOL_CONVERSION = YES;
				CLANG_WARN_COMMA = YES;
				CLANG_WARN_CONSTANT_CONVERSION = YES;
				CLANG_WARN_DEPRECATED_OBJC_IMPLEMENTATIONS = YES;
				CLANG_WARN_DIRECT_OBJC_ISA_USAGE = YES_ERROR;
				CLANG_WARN_DOCUMENTATION_COMMENTS = YES;
				CLANG_WARN_EMPTY_BODY = YES;
				CLANG_WARN_ENUM_CONVERSION = YES;
				CLANG_WARN_INFINITE_RECURSION = YES;
				CLANG_WARN_INT_CONVERSION = YES;
				CLANG_WARN_NON_LITERAL_NULL_CONVERSION = YES;
				CLANG_WARN_OBJC_IMPLICIT_RETAIN_SELF = YES;
				CLANG_WARN_OBJC_LITERAL_CONVERSION = YES;
				CLANG_WARN_OBJC_ROOT_CLASS = YES_ERROR;
				CLANG_WARN_QUOTED_INCLUDE_IN_FRAMEWORK_HEADER = YES;
				CLANG_WARN_RANGE_LOOP_ANALYSIS = YES;
				CLANG_WARN_STRICT_PROTOTYPES = YES;
				CLANG_WARN_SUSPICIOUS_MOVE = YES;
				CLANG_WARN_UNGUARDED_AVAILABILITY = YES_AGGRESSIVE;
				CLANG_WARN_UNREACHABLE_CODE = YES;
				CLANG_WARN__DUPLICATE_METHOD_MATCH = YES;
				COPY_PHASE_STRIP = NO;
				DEAD_CODE_STRIPPING = YES;
				DEBUG_INFORMATION_FORMAT = "dwarf-with-dsym";
				ENABLE_NS_ASSERTIONS = NO;
				ENABLE_STRICT_OBJC_MSGSEND = YES;
				ENABLE_USER_SCRIPT_SANDBOXING = YES;
				GCC_C_LANGUAGE_STANDARD = gnu11;
				GCC_NO_COMMON_BLOCKS = YES;
				GCC_WARN_64_TO_32_BIT_CONVERSION = YES;
				GCC_WARN_ABOUT_RETURN_TYPE = YES_ERROR;
				GCC_WARN_UNDECLARED_SELECTOR = YES;
				GCC_WARN_UNINITIALIZED_AUTOS = YES_AGGRESSIVE;
				GCC_WARN_UNUSED_FUNCTION = YES;
				GCC_WARN_UNUSED_VARIABLE = YES;
				IPHONEOS_DEPLOYMENT_TARGET = 18.0;
				MACOSX_DEPLOYMENT_TARGET = 15.0;
				MTL_ENABLE_DEBUG_INFO = NO;
				MTL_FAST_MATH = YES;
				SWIFT_COMPILATION_MODE = wholemodule;
				SWIFT_OPTIMIZATION_LEVEL = "-O";
			};
			name = Release;
		};
		E55958B229D41260008D7307 /* Debug */ = {
			isa = XCBuildConfiguration;
			baseConfigurationReference = E521B75A29E904F1007FD06A /* Env.xcconfig */;
			buildSettings = {
				ASSETCATALOG_COMPILER_APPICON_NAME = AppIcon;
				ASSETCATALOG_COMPILER_GLOBAL_ACCENT_COLOR_NAME = AccentColor;
				CODE_SIGN_ENTITLEMENTS = TRssReader/TRssReader.entitlements;
				CODE_SIGN_STYLE = Automatic;
				CURRENT_PROJECT_VERSION = 1;
				DEAD_CODE_STRIPPING = YES;
				DEVELOPMENT_ASSET_PATHS = "\"TRssReader/Preview Content\"";
				ENABLE_PREVIEWS = YES;
				GENERATE_INFOPLIST_FILE = YES;
				INFOPLIST_FILE = TRssReader/Info.plist;
				INFOPLIST_KEY_CFBundleDisplayName = "t-rss-reader";
				INFOPLIST_KEY_LSApplicationCategoryType = "public.app-category.productivity";
				"INFOPLIST_KEY_UIApplicationSceneManifest_Generation[sdk=iphoneos*]" = YES;
				"INFOPLIST_KEY_UIApplicationSceneManifest_Generation[sdk=iphonesimulator*]" = YES;
				"INFOPLIST_KEY_UIApplicationSupportsIndirectInputEvents[sdk=iphoneos*]" = YES;
				"INFOPLIST_KEY_UIApplicationSupportsIndirectInputEvents[sdk=iphonesimulator*]" = YES;
				"INFOPLIST_KEY_UILaunchScreen_Generation[sdk=iphoneos*]" = YES;
				"INFOPLIST_KEY_UILaunchScreen_Generation[sdk=iphonesimulator*]" = YES;
				"INFOPLIST_KEY_UIStatusBarStyle[sdk=iphoneos*]" = UIStatusBarStyleDefault;
				"INFOPLIST_KEY_UIStatusBarStyle[sdk=iphonesimulator*]" = UIStatusBarStyleDefault;
				INFOPLIST_KEY_UISupportedInterfaceOrientations = "UIInterfaceOrientationLandscapeLeft UIInterfaceOrientationLandscapeRight UIInterfaceOrientationPortrait";
				IPHONEOS_DEPLOYMENT_TARGET = 18.0;
				LD_RUNPATH_SEARCH_PATHS = "@executable_path/Frameworks";
				"LD_RUNPATH_SEARCH_PATHS[sdk=macosx*]" = "@executable_path/../Frameworks";
				MACOSX_DEPLOYMENT_TARGET = 15.0;
				MARKETING_VERSION = 0.1.0;
				PRODUCT_BUNDLE_IDENTIFIER = com.tyhopp.TRssReader;
				PRODUCT_NAME = "$(TARGET_NAME)";
				SDKROOT = auto;
				SUPPORTED_PLATFORMS = "iphoneos iphonesimulator macosx";
				SWIFT_EMIT_LOC_STRINGS = YES;
				SWIFT_VERSION = 5.0;
				TARGETED_DEVICE_FAMILY = "1,2";
			};
			name = Debug;
		};
		E55958B329D41260008D7307 /* Release */ = {
			isa = XCBuildConfiguration;
			baseConfigurationReference = E521B75A29E904F1007FD06A /* Env.xcconfig */;
			buildSettings = {
				ASSETCATALOG_COMPILER_APPICON_NAME = AppIcon;
				ASSETCATALOG_COMPILER_GLOBAL_ACCENT_COLOR_NAME = AccentColor;
				CODE_SIGN_ENTITLEMENTS = TRssReader/TRssReader.entitlements;
				CODE_SIGN_STYLE = Automatic;
				CURRENT_PROJECT_VERSION = 1;
				DEAD_CODE_STRIPPING = YES;
				DEVELOPMENT_ASSET_PATHS = "\"TRssReader/Preview Content\"";
				ENABLE_PREVIEWS = YES;
				GENERATE_INFOPLIST_FILE = YES;
				INFOPLIST_FILE = TRssReader/Info.plist;
				INFOPLIST_KEY_CFBundleDisplayName = "t-rss-reader";
				INFOPLIST_KEY_LSApplicationCategoryType = "public.app-category.productivity";
				"INFOPLIST_KEY_UIApplicationSceneManifest_Generation[sdk=iphoneos*]" = YES;
				"INFOPLIST_KEY_UIApplicationSceneManifest_Generation[sdk=iphonesimulator*]" = YES;
				"INFOPLIST_KEY_UIApplicationSupportsIndirectInputEvents[sdk=iphoneos*]" = YES;
				"INFOPLIST_KEY_UIApplicationSupportsIndirectInputEvents[sdk=iphonesimulator*]" = YES;
				"INFOPLIST_KEY_UILaunchScreen_Generation[sdk=iphoneos*]" = YES;
				"INFOPLIST_KEY_UILaunchScreen_Generation[sdk=iphonesimulator*]" = YES;
				"INFOPLIST_KEY_UIStatusBarStyle[sdk=iphoneos*]" = UIStatusBarStyleDefault;
				"INFOPLIST_KEY_UIStatusBarStyle[sdk=iphonesimulator*]" = UIStatusBarStyleDefault;
				INFOPLIST_KEY_UISupportedInterfaceOrientations = "UIInterfaceOrientationLandscapeLeft UIInterfaceOrientationLandscapeRight UIInterfaceOrientationPortrait";
				IPHONEOS_DEPLOYMENT_TARGET = 18.0;
				LD_RUNPATH_SEARCH_PATHS = "@executable_path/Frameworks";
				"LD_RUNPATH_SEARCH_PATHS[sdk=macosx*]" = "@executable_path/../Frameworks";
				MACOSX_DEPLOYMENT_TARGET = 15.0;
				MARKETING_VERSION = 0.1.0;
				PRODUCT_BUNDLE_IDENTIFIER = com.tyhopp.TRssReader;
				PRODUCT_NAME = "$(TARGET_NAME)";
				SDKROOT = auto;
				SUPPORTED_PLATFORMS = "iphoneos iphonesimulator macosx";
				SWIFT_EMIT_LOC_STRINGS = YES;
				SWIFT_VERSION = 5.0;
				TARGETED_DEVICE_FAMILY = "1,2";
			};
			name = Release;
		};
		E55958B529D41260008D7307 /* Debug */ = {
			isa = XCBuildConfiguration;
			buildSettings = {
				BUNDLE_LOADER = "$(TEST_HOST)";
				CODE_SIGN_STYLE = Automatic;
				CURRENT_PROJECT_VERSION = 1;
				DEAD_CODE_STRIPPING = YES;
				GENERATE_INFOPLIST_FILE = YES;
				IPHONEOS_DEPLOYMENT_TARGET = 18.0;
				MACOSX_DEPLOYMENT_TARGET = 15.0;
				MARKETING_VERSION = 1.0;
				PRODUCT_BUNDLE_IDENTIFIER = com.tyhopp.TRssReaderTests;
				PRODUCT_NAME = "$(TARGET_NAME)";
				SDKROOT = auto;
				SUPPORTED_PLATFORMS = "iphoneos iphonesimulator macosx";
				SWIFT_EMIT_LOC_STRINGS = NO;
				SWIFT_VERSION = 5.0;
				TARGETED_DEVICE_FAMILY = "1,2";
				TEST_HOST = "$(BUILT_PRODUCTS_DIR)/TRssReader.app/$(BUNDLE_EXECUTABLE_FOLDER_PATH)/TRssReader";
			};
			name = Debug;
		};
		E55958B629D41260008D7307 /* Release */ = {
			isa = XCBuildConfiguration;
			buildSettings = {
				BUNDLE_LOADER = "$(TEST_HOST)";
				CODE_SIGN_STYLE = Automatic;
				CURRENT_PROJECT_VERSION = 1;
				DEAD_CODE_STRIPPING = YES;
				GENERATE_INFOPLIST_FILE = YES;
				IPHONEOS_DEPLOYMENT_TARGET = 18.0;
				MACOSX_DEPLOYMENT_TARGET = 15.0;
				MARKETING_VERSION = 1.0;
				PRODUCT_BUNDLE_IDENTIFIER = com.tyhopp.TRssReaderTests;
				PRODUCT_NAME = "$(TARGET_NAME)";
				SDKROOT = auto;
				SUPPORTED_PLATFORMS = "iphoneos iphonesimulator macosx";
				SWIFT_EMIT_LOC_STRINGS = NO;
				SWIFT_VERSION = 5.0;
				TARGETED_DEVICE_FAMILY = "1,2";
				TEST_HOST = "$(BUILT_PRODUCTS_DIR)/TRssReader.app/$(BUNDLE_EXECUTABLE_FOLDER_PATH)/TRssReader";
			};
			name = Release;
		};
/* End XCBuildConfiguration section */

/* Begin XCConfigurationList section */
		E559588729D4125F008D7307 /* Build configuration list for PBXProject "TRssReader" */ = {
			isa = XCConfigurationList;
			buildConfigurations = (
				E55958AF29D41260008D7307 /* Debug */,
				E521B75C29E91817007FD06A /* Test */,
				E55958B029D41260008D7307 /* Release */,
			);
			defaultConfigurationIsVisible = 0;
			defaultConfigurationName = Release;
		};
		E55958B129D41260008D7307 /* Build configuration list for PBXNativeTarget "TRssReader" */ = {
			isa = XCConfigurationList;
			buildConfigurations = (
				E55958B229D41260008D7307 /* Debug */,
				E521B75D29E91817007FD06A /* Test */,
				E55958B329D41260008D7307 /* Release */,
			);
			defaultConfigurationIsVisible = 0;
			defaultConfigurationName = Release;
		};
		E55958B429D41260008D7307 /* Build configuration list for PBXNativeTarget "TRssReaderTests" */ = {
			isa = XCConfigurationList;
			buildConfigurations = (
				E55958B529D41260008D7307 /* Debug */,
				E521B75E29E91817007FD06A /* Test */,
				E55958B629D41260008D7307 /* Release */,
			);
			defaultConfigurationIsVisible = 0;
			defaultConfigurationName = Release;
		};
/* End XCConfigurationList section */

/* Begin XCRemoteSwiftPackageReference section */
		E56DFE0F29E7AE70003C687E /* XCRemoteSwiftPackageReference "keychain" */ = {
			isa = XCRemoteSwiftPackageReference;
			repositoryURL = "https://github.com/tyhopp/keychain.git";
			requirement = {
				kind = upToNextMajorVersion;
				minimumVersion = 0.1.1;
			};
		};
/* End XCRemoteSwiftPackageReference section */

/* Begin XCSwiftPackageProductDependency section */
		E56DFE1029E7AE70003C687E /* Keychain */ = {
			isa = XCSwiftPackageProductDependency;
			package = E56DFE0F29E7AE70003C687E /* XCRemoteSwiftPackageReference "keychain" */;
			productName = Keychain;
		};
/* End XCSwiftPackageProductDependency section */
	};
	rootObject = E559588429D4125F008D7307 /* Project object */;
}
